// !$*UTF8*$!
{
	archiveVersion = 1;
	classes = {
	};
	objectVersion = 51;
	objects = {

/* Begin PBXBuildFile section */
		1B0910C322048304E2B89801 /* Pods_RideCougars_RideCougarsUITests.framework in Frameworks */ = {isa = PBXBuildFile; fileRef = BAC2DE62F43D8A0B4452987E /* Pods_RideCougars_RideCougarsUITests.framework */; };
		44061CF42353A72C00E3F608 /* AppDelegate.swift in Sources */ = {isa = PBXBuildFile; fileRef = 44061CF32353A72C00E3F608 /* AppDelegate.swift */; };
		44061CF62353A72C00E3F608 /* FirstViewController.swift in Sources */ = {isa = PBXBuildFile; fileRef = 44061CF52353A72C00E3F608 /* FirstViewController.swift */; };
		44061CF82353A72C00E3F608 /* SecondViewController.swift in Sources */ = {isa = PBXBuildFile; fileRef = 44061CF72353A72C00E3F608 /* SecondViewController.swift */; };
		44061CFB2353A72C00E3F608 /* Main.storyboard in Resources */ = {isa = PBXBuildFile; fileRef = 44061CF92353A72C00E3F608 /* Main.storyboard */; };
		44061CFD2353A72E00E3F608 /* Assets.xcassets in Resources */ = {isa = PBXBuildFile; fileRef = 44061CFC2353A72E00E3F608 /* Assets.xcassets */; };
		44061D002353A72E00E3F608 /* LaunchScreen.storyboard in Resources */ = {isa = PBXBuildFile; fileRef = 44061CFE2353A72E00E3F608 /* LaunchScreen.storyboard */; };
		44061D0B2353A72E00E3F608 /* RideCougarsTests.swift in Sources */ = {isa = PBXBuildFile; fileRef = 44061D0A2353A72E00E3F608 /* RideCougarsTests.swift */; };
		44061D162353A72E00E3F608 /* RideCougarsUITests.swift in Sources */ = {isa = PBXBuildFile; fileRef = 44061D152353A72E00E3F608 /* RideCougarsUITests.swift */; };
		44061D242353AC4D00E3F608 /* landingPage.swift in Sources */ = {isa = PBXBuildFile; fileRef = 44061D232353AC4D00E3F608 /* landingPage.swift */; };
		44061D262353AE2900E3F608 /* ThirdViewController.swift in Sources */ = {isa = PBXBuildFile; fileRef = 44061D252353AE2900E3F608 /* ThirdViewController.swift */; };
		44061D2A2353BABA00E3F608 /* GoogleService-Info.plist in Resources */ = {isa = PBXBuildFile; fileRef = 44061D292353BABA00E3F608 /* GoogleService-Info.plist */; };
		44061D2C2353BF7900E3F608 /* LoginPageViewController.swift in Sources */ = {isa = PBXBuildFile; fileRef = 44061D2B2353BF7900E3F608 /* LoginPageViewController.swift */; };
		5C6317CBFC548E2CB729733C /* Pods_RideCougars.framework in Frameworks */ = {isa = PBXBuildFile; fileRef = 4C5B111ACA77AED1C9BD5910 /* Pods_RideCougars.framework */; };
		66132E242357A97C0078BE0C /* firstSignupPageViewController.swift in Sources */ = {isa = PBXBuildFile; fileRef = 66132E232357A97C0078BE0C /* firstSignupPageViewController.swift */; };
		8DFDC167EAA9660696997C39 /* Pods_RideCougarsTests.framework in Frameworks */ = {isa = PBXBuildFile; fileRef = B47EEE58F4F0992B523FECF5 /* Pods_RideCougarsTests.framework */; };
/* End PBXBuildFile section */

/* Begin PBXContainerItemProxy section */
		44061D072353A72E00E3F608 /* PBXContainerItemProxy */ = {
			isa = PBXContainerItemProxy;
			containerPortal = 44061CE82353A72C00E3F608 /* Project object */;
			proxyType = 1;
			remoteGlobalIDString = 44061CEF2353A72C00E3F608;
			remoteInfo = RideCougars;
		};
		44061D122353A72E00E3F608 /* PBXContainerItemProxy */ = {
			isa = PBXContainerItemProxy;
			containerPortal = 44061CE82353A72C00E3F608 /* Project object */;
			proxyType = 1;
			remoteGlobalIDString = 44061CEF2353A72C00E3F608;
			remoteInfo = RideCougars;
		};
/* End PBXContainerItemProxy section */

/* Begin PBXFileReference section */
		18007FCF11299CA9B9D9597A /* Pods-RideCougarsTests.release.xcconfig */ = {isa = PBXFileReference; includeInIndex = 1; lastKnownFileType = text.xcconfig; name = "Pods-RideCougarsTests.release.xcconfig"; path = "Target Support Files/Pods-RideCougarsTests/Pods-RideCougarsTests.release.xcconfig"; sourceTree = "<group>"; };
		1A80195B84F73F42F6FF9AB1 /* Pods-RideCougars.debug.xcconfig */ = {isa = PBXFileReference; includeInIndex = 1; lastKnownFileType = text.xcconfig; name = "Pods-RideCougars.debug.xcconfig"; path = "Target Support Files/Pods-RideCougars/Pods-RideCougars.debug.xcconfig"; sourceTree = "<group>"; };
		3E2DDD69B46F242D76E38F96 /* Pods-RideCougars.release.xcconfig */ = {isa = PBXFileReference; includeInIndex = 1; lastKnownFileType = text.xcconfig; name = "Pods-RideCougars.release.xcconfig"; path = "Target Support Files/Pods-RideCougars/Pods-RideCougars.release.xcconfig"; sourceTree = "<group>"; };
		44061CF02353A72C00E3F608 /* RideCougars.app */ = {isa = PBXFileReference; explicitFileType = wrapper.application; includeInIndex = 0; path = RideCougars.app; sourceTree = BUILT_PRODUCTS_DIR; };
		44061CF32353A72C00E3F608 /* AppDelegate.swift */ = {isa = PBXFileReference; lastKnownFileType = sourcecode.swift; path = AppDelegate.swift; sourceTree = "<group>"; };
		44061CF52353A72C00E3F608 /* FirstViewController.swift */ = {isa = PBXFileReference; lastKnownFileType = sourcecode.swift; path = FirstViewController.swift; sourceTree = "<group>"; };
		44061CF72353A72C00E3F608 /* SecondViewController.swift */ = {isa = PBXFileReference; lastKnownFileType = sourcecode.swift; path = SecondViewController.swift; sourceTree = "<group>"; };
		44061CFA2353A72C00E3F608 /* Base */ = {isa = PBXFileReference; lastKnownFileType = file.storyboard; name = Base; path = Base.lproj/Main.storyboard; sourceTree = "<group>"; };
		44061CFC2353A72E00E3F608 /* Assets.xcassets */ = {isa = PBXFileReference; lastKnownFileType = folder.assetcatalog; path = Assets.xcassets; sourceTree = "<group>"; };
		44061CFF2353A72E00E3F608 /* Base */ = {isa = PBXFileReference; lastKnownFileType = file.storyboard; name = Base; path = Base.lproj/LaunchScreen.storyboard; sourceTree = "<group>"; };
		44061D012353A72E00E3F608 /* Info.plist */ = {isa = PBXFileReference; lastKnownFileType = text.plist.xml; path = Info.plist; sourceTree = "<group>"; };
		44061D062353A72E00E3F608 /* RideCougarsTests.xctest */ = {isa = PBXFileReference; explicitFileType = wrapper.cfbundle; includeInIndex = 0; path = RideCougarsTests.xctest; sourceTree = BUILT_PRODUCTS_DIR; };
		44061D0A2353A72E00E3F608 /* RideCougarsTests.swift */ = {isa = PBXFileReference; lastKnownFileType = sourcecode.swift; path = RideCougarsTests.swift; sourceTree = "<group>"; };
		44061D0C2353A72E00E3F608 /* Info.plist */ = {isa = PBXFileReference; lastKnownFileType = text.plist.xml; path = Info.plist; sourceTree = "<group>"; };
		44061D112353A72E00E3F608 /* RideCougarsUITests.xctest */ = {isa = PBXFileReference; explicitFileType = wrapper.cfbundle; includeInIndex = 0; path = RideCougarsUITests.xctest; sourceTree = BUILT_PRODUCTS_DIR; };
		44061D152353A72E00E3F608 /* RideCougarsUITests.swift */ = {isa = PBXFileReference; lastKnownFileType = sourcecode.swift; path = RideCougarsUITests.swift; sourceTree = "<group>"; };
		44061D172353A72E00E3F608 /* Info.plist */ = {isa = PBXFileReference; lastKnownFileType = text.plist.xml; path = Info.plist; sourceTree = "<group>"; };
		44061D232353AC4D00E3F608 /* landingPage.swift */ = {isa = PBXFileReference; lastKnownFileType = sourcecode.swift; path = landingPage.swift; sourceTree = "<group>"; };
		44061D252353AE2900E3F608 /* ThirdViewController.swift */ = {isa = PBXFileReference; lastKnownFileType = sourcecode.swift; path = ThirdViewController.swift; sourceTree = "<group>"; };
		44061D292353BABA00E3F608 /* GoogleService-Info.plist */ = {isa = PBXFileReference; fileEncoding = 4; lastKnownFileType = text.plist.xml; path = "GoogleService-Info.plist"; sourceTree = "<group>"; };
		44061D2B2353BF7900E3F608 /* LoginPageViewController.swift */ = {isa = PBXFileReference; lastKnownFileType = sourcecode.swift; path = LoginPageViewController.swift; sourceTree = "<group>"; };
		4C5B111ACA77AED1C9BD5910 /* Pods_RideCougars.framework */ = {isa = PBXFileReference; explicitFileType = wrapper.framework; includeInIndex = 0; path = Pods_RideCougars.framework; sourceTree = BUILT_PRODUCTS_DIR; };
		66132E232357A97C0078BE0C /* firstSignupPageViewController.swift */ = {isa = PBXFileReference; lastKnownFileType = sourcecode.swift; path = firstSignupPageViewController.swift; sourceTree = "<group>"; };
		A98BEA1CA4E695AE012E88D9 /* Pods-RideCougarsTests.debug.xcconfig */ = {isa = PBXFileReference; includeInIndex = 1; lastKnownFileType = text.xcconfig; name = "Pods-RideCougarsTests.debug.xcconfig"; path = "Target Support Files/Pods-RideCougarsTests/Pods-RideCougarsTests.debug.xcconfig"; sourceTree = "<group>"; };
		B47EEE58F4F0992B523FECF5 /* Pods_RideCougarsTests.framework */ = {isa = PBXFileReference; explicitFileType = wrapper.framework; includeInIndex = 0; path = Pods_RideCougarsTests.framework; sourceTree = BUILT_PRODUCTS_DIR; };
		BAC2DE62F43D8A0B4452987E /* Pods_RideCougars_RideCougarsUITests.framework */ = {isa = PBXFileReference; explicitFileType = wrapper.framework; includeInIndex = 0; path = Pods_RideCougars_RideCougarsUITests.framework; sourceTree = BUILT_PRODUCTS_DIR; };
		CA1E5C30D85E8CE71435C34F /* Pods-RideCougars-RideCougarsUITests.debug.xcconfig */ = {isa = PBXFileReference; includeInIndex = 1; lastKnownFileType = text.xcconfig; name = "Pods-RideCougars-RideCougarsUITests.debug.xcconfig"; path = "Target Support Files/Pods-RideCougars-RideCougarsUITests/Pods-RideCougars-RideCougarsUITests.debug.xcconfig"; sourceTree = "<group>"; };
		CDD6F2DA830D63981A2A11F0 /* Pods-RideCougars-RideCougarsUITests.release.xcconfig */ = {isa = PBXFileReference; includeInIndex = 1; lastKnownFileType = text.xcconfig; name = "Pods-RideCougars-RideCougarsUITests.release.xcconfig"; path = "Target Support Files/Pods-RideCougars-RideCougarsUITests/Pods-RideCougars-RideCougarsUITests.release.xcconfig"; sourceTree = "<group>"; };
/* End PBXFileReference section */

/* Begin PBXFrameworksBuildPhase section */
		44061CED2353A72C00E3F608 /* Frameworks */ = {
			isa = PBXFrameworksBuildPhase;
			buildActionMask = 2147483647;
			files = (
				5C6317CBFC548E2CB729733C /* Pods_RideCougars.framework in Frameworks */,
			);
			runOnlyForDeploymentPostprocessing = 0;
		};
		44061D032353A72E00E3F608 /* Frameworks */ = {
			isa = PBXFrameworksBuildPhase;
			buildActionMask = 2147483647;
			files = (
				8DFDC167EAA9660696997C39 /* Pods_RideCougarsTests.framework in Frameworks */,
			);
			runOnlyForDeploymentPostprocessing = 0;
		};
		44061D0E2353A72E00E3F608 /* Frameworks */ = {
			isa = PBXFrameworksBuildPhase;
			buildActionMask = 2147483647;
			files = (
				1B0910C322048304E2B89801 /* Pods_RideCougars_RideCougarsUITests.framework in Frameworks */,
			);
			runOnlyForDeploymentPostprocessing = 0;
		};
/* End PBXFrameworksBuildPhase section */

/* Begin PBXGroup section */
		44061CE72353A72C00E3F608 = {
			isa = PBXGroup;
			children = (
				44061CF22353A72C00E3F608 /* RideCougars */,
				44061D092353A72E00E3F608 /* RideCougarsTests */,
				44061D142353A72E00E3F608 /* RideCougarsUITests */,
				44061CF12353A72C00E3F608 /* Products */,
				EBF2BE6C91D804D1CD33A344 /* Pods */,
				4F1DCE2182092D6202A8F465 /* Frameworks */,
			);
			sourceTree = "<group>";
		};
		44061CF12353A72C00E3F608 /* Products */ = {
			isa = PBXGroup;
			children = (
				44061CF02353A72C00E3F608 /* RideCougars.app */,
				44061D062353A72E00E3F608 /* RideCougarsTests.xctest */,
				44061D112353A72E00E3F608 /* RideCougarsUITests.xctest */,
			);
			name = Products;
			sourceTree = "<group>";
		};
		44061CF22353A72C00E3F608 /* RideCougars */ = {
			isa = PBXGroup;
			children = (
				44061CF32353A72C00E3F608 /* AppDelegate.swift */,
				44061CF52353A72C00E3F608 /* FirstViewController.swift */,
				44061CF72353A72C00E3F608 /* SecondViewController.swift */,
				44061CF92353A72C00E3F608 /* Main.storyboard */,
				66132E232357A97C0078BE0C /* firstSignupPageViewController.swift */,
				44061D2B2353BF7900E3F608 /* LoginPageViewController.swift */,
				44061D252353AE2900E3F608 /* ThirdViewController.swift */,
				44061D232353AC4D00E3F608 /* landingPage.swift */,
				44061CFC2353A72E00E3F608 /* Assets.xcassets */,
				44061CFE2353A72E00E3F608 /* LaunchScreen.storyboard */,
				44061D292353BABA00E3F608 /* GoogleService-Info.plist */,
				44061D012353A72E00E3F608 /* Info.plist */,
			);
			path = RideCougars;
			sourceTree = "<group>";
		};
		44061D092353A72E00E3F608 /* RideCougarsTests */ = {
			isa = PBXGroup;
			children = (
				44061D0A2353A72E00E3F608 /* RideCougarsTests.swift */,
				44061D0C2353A72E00E3F608 /* Info.plist */,
			);
			path = RideCougarsTests;
			sourceTree = "<group>";
		};
		44061D142353A72E00E3F608 /* RideCougarsUITests */ = {
			isa = PBXGroup;
			children = (
				44061D152353A72E00E3F608 /* RideCougarsUITests.swift */,
				44061D172353A72E00E3F608 /* Info.plist */,
			);
			path = RideCougarsUITests;
			sourceTree = "<group>";
		};
		4F1DCE2182092D6202A8F465 /* Frameworks */ = {
			isa = PBXGroup;
			children = (
				4C5B111ACA77AED1C9BD5910 /* Pods_RideCougars.framework */,
				BAC2DE62F43D8A0B4452987E /* Pods_RideCougars_RideCougarsUITests.framework */,
				B47EEE58F4F0992B523FECF5 /* Pods_RideCougarsTests.framework */,
			);
			name = Frameworks;
			sourceTree = "<group>";
		};
		EBF2BE6C91D804D1CD33A344 /* Pods */ = {
			isa = PBXGroup;
			children = (
				1A80195B84F73F42F6FF9AB1 /* Pods-RideCougars.debug.xcconfig */,
				3E2DDD69B46F242D76E38F96 /* Pods-RideCougars.release.xcconfig */,
				CA1E5C30D85E8CE71435C34F /* Pods-RideCougars-RideCougarsUITests.debug.xcconfig */,
				CDD6F2DA830D63981A2A11F0 /* Pods-RideCougars-RideCougarsUITests.release.xcconfig */,
				A98BEA1CA4E695AE012E88D9 /* Pods-RideCougarsTests.debug.xcconfig */,
				18007FCF11299CA9B9D9597A /* Pods-RideCougarsTests.release.xcconfig */,
			);
			path = Pods;
			sourceTree = "<group>";
		};
/* End PBXGroup section */

/* Begin PBXNativeTarget section */
		44061CEF2353A72C00E3F608 /* RideCougars */ = {
			isa = PBXNativeTarget;
			buildConfigurationList = 44061D1A2353A72E00E3F608 /* Build configuration list for PBXNativeTarget "RideCougars" */;
			buildPhases = (
				71A8B4E21C4E286E90151878 /* [CP] Check Pods Manifest.lock */,
				44061CEC2353A72C00E3F608 /* Sources */,
				44061CED2353A72C00E3F608 /* Frameworks */,
				44061CEE2353A72C00E3F608 /* Resources */,
				7030C4880DA8F27E051C5DA2 /* [CP] Embed Pods Frameworks */,
			);
			buildRules = (
			);
			dependencies = (
			);
			name = RideCougars;
			productName = RideCougars;
			productReference = 44061CF02353A72C00E3F608 /* RideCougars.app */;
			productType = "com.apple.product-type.application";
		};
		44061D052353A72E00E3F608 /* RideCougarsTests */ = {
			isa = PBXNativeTarget;
			buildConfigurationList = 44061D1D2353A72E00E3F608 /* Build configuration list for PBXNativeTarget "RideCougarsTests" */;
			buildPhases = (
				74DA11092F48D50F1E6D6BB3 /* [CP] Check Pods Manifest.lock */,
				44061D022353A72E00E3F608 /* Sources */,
				44061D032353A72E00E3F608 /* Frameworks */,
				44061D042353A72E00E3F608 /* Resources */,
			);
			buildRules = (
			);
			dependencies = (
				44061D082353A72E00E3F608 /* PBXTargetDependency */,
			);
			name = RideCougarsTests;
			productName = RideCougarsTests;
			productReference = 44061D062353A72E00E3F608 /* RideCougarsTests.xctest */;
			productType = "com.apple.product-type.bundle.unit-test";
		};
		44061D102353A72E00E3F608 /* RideCougarsUITests */ = {
			isa = PBXNativeTarget;
			buildConfigurationList = 44061D202353A72E00E3F608 /* Build configuration list for PBXNativeTarget "RideCougarsUITests" */;
			buildPhases = (
				EC7139C65B8A1E71B423C9E1 /* [CP] Check Pods Manifest.lock */,
				44061D0D2353A72E00E3F608 /* Sources */,
				44061D0E2353A72E00E3F608 /* Frameworks */,
				44061D0F2353A72E00E3F608 /* Resources */,
				751C6D763B27129A405986CE /* [CP] Embed Pods Frameworks */,
			);
			buildRules = (
			);
			dependencies = (
				44061D132353A72E00E3F608 /* PBXTargetDependency */,
			);
			name = RideCougarsUITests;
			productName = RideCougarsUITests;
			productReference = 44061D112353A72E00E3F608 /* RideCougarsUITests.xctest */;
			productType = "com.apple.product-type.bundle.ui-testing";
		};
/* End PBXNativeTarget section */

/* Begin PBXProject section */
		44061CE82353A72C00E3F608 /* Project object */ = {
			isa = PBXProject;
			attributes = {
				LastSwiftUpdateCheck = 1030;
				LastUpgradeCheck = 1030;
				ORGANIZATIONNAME = Team3;
				TargetAttributes = {
					44061CEF2353A72C00E3F608 = {
						CreatedOnToolsVersion = 10.3;
					};
					44061D052353A72E00E3F608 = {
						CreatedOnToolsVersion = 10.3;
						TestTargetID = 44061CEF2353A72C00E3F608;
					};
					44061D102353A72E00E3F608 = {
						CreatedOnToolsVersion = 10.3;
						TestTargetID = 44061CEF2353A72C00E3F608;
					};
				};
			};
			buildConfigurationList = 44061CEB2353A72C00E3F608 /* Build configuration list for PBXProject "RideCougars" */;
			compatibilityVersion = "Xcode 9.3";
			developmentRegion = en;
			hasScannedForEncodings = 0;
			knownRegions = (
				en,
				Base,
			);
			mainGroup = 44061CE72353A72C00E3F608;
			productRefGroup = 44061CF12353A72C00E3F608 /* Products */;
			projectDirPath = "";
			projectRoot = "";
			targets = (
				44061CEF2353A72C00E3F608 /* RideCougars */,
				44061D052353A72E00E3F608 /* RideCougarsTests */,
				44061D102353A72E00E3F608 /* RideCougarsUITests */,
			);
		};
/* End PBXProject section */

/* Begin PBXResourcesBuildPhase section */
		44061CEE2353A72C00E3F608 /* Resources */ = {
			isa = PBXResourcesBuildPhase;
			buildActionMask = 2147483647;
			files = (
				44061D002353A72E00E3F608 /* LaunchScreen.storyboard in Resources */,
				44061D2A2353BABA00E3F608 /* GoogleService-Info.plist in Resources */,
				44061CFD2353A72E00E3F608 /* Assets.xcassets in Resources */,
				44061CFB2353A72C00E3F608 /* Main.storyboard in Resources */,
			);
			runOnlyForDeploymentPostprocessing = 0;
		};
		44061D042353A72E00E3F608 /* Resources */ = {
			isa = PBXResourcesBuildPhase;
			buildActionMask = 2147483647;
			files = (
			);
			runOnlyForDeploymentPostprocessing = 0;
		};
		44061D0F2353A72E00E3F608 /* Resources */ = {
			isa = PBXResourcesBuildPhase;
			buildActionMask = 2147483647;
			files = (
			);
			runOnlyForDeploymentPostprocessing = 0;
		};
/* End PBXResourcesBuildPhase section */

/* Begin PBXShellScriptBuildPhase section */
		7030C4880DA8F27E051C5DA2 /* [CP] Embed Pods Frameworks */ = {
			isa = PBXShellScriptBuildPhase;
			buildActionMask = 2147483647;
			files = (
			);
			inputFileListPaths = (
				"${PODS_ROOT}/Target Support Files/Pods-RideCougars/Pods-RideCougars-frameworks-${CONFIGURATION}-input-files.xcfilelist",
			);
			name = "[CP] Embed Pods Frameworks";
			outputFileListPaths = (
				"${PODS_ROOT}/Target Support Files/Pods-RideCougars/Pods-RideCougars-frameworks-${CONFIGURATION}-output-files.xcfilelist",
			);
			runOnlyForDeploymentPostprocessing = 0;
			shellPath = /bin/sh;
			shellScript = "\"${PODS_ROOT}/Target Support Files/Pods-RideCougars/Pods-RideCougars-frameworks.sh\"\n";
			showEnvVarsInLog = 0;
		};
		71A8B4E21C4E286E90151878 /* [CP] Check Pods Manifest.lock */ = {
			isa = PBXShellScriptBuildPhase;
			buildActionMask = 2147483647;
			files = (
			);
			inputFileListPaths = (
			);
			inputPaths = (
				"${PODS_PODFILE_DIR_PATH}/Podfile.lock",
				"${PODS_ROOT}/Manifest.lock",
			);
			name = "[CP] Check Pods Manifest.lock";
			outputFileListPaths = (
			);
			outputPaths = (
				"$(DERIVED_FILE_DIR)/Pods-RideCougars-checkManifestLockResult.txt",
			);
			runOnlyForDeploymentPostprocessing = 0;
			shellPath = /bin/sh;
			shellScript = "diff \"${PODS_PODFILE_DIR_PATH}/Podfile.lock\" \"${PODS_ROOT}/Manifest.lock\" > /dev/null\nif [ $? != 0 ] ; then\n    # print error to STDERR\n    echo \"error: The sandbox is not in sync with the Podfile.lock. Run 'pod install' or update your CocoaPods installation.\" >&2\n    exit 1\nfi\n# This output is used by Xcode 'outputs' to avoid re-running this script phase.\necho \"SUCCESS\" > \"${SCRIPT_OUTPUT_FILE_0}\"\n";
			showEnvVarsInLog = 0;
		};
		74DA11092F48D50F1E6D6BB3 /* [CP] Check Pods Manifest.lock */ = {
			isa = PBXShellScriptBuildPhase;
			buildActionMask = 2147483647;
			files = (
			);
			inputFileListPaths = (
			);
			inputPaths = (
				"${PODS_PODFILE_DIR_PATH}/Podfile.lock",
				"${PODS_ROOT}/Manifest.lock",
			);
			name = "[CP] Check Pods Manifest.lock";
			outputFileListPaths = (
			);
			outputPaths = (
				"$(DERIVED_FILE_DIR)/Pods-RideCougarsTests-checkManifestLockResult.txt",
			);
			runOnlyForDeploymentPostprocessing = 0;
			shellPath = /bin/sh;
			shellScript = "diff \"${PODS_PODFILE_DIR_PATH}/Podfile.lock\" \"${PODS_ROOT}/Manifest.lock\" > /dev/null\nif [ $? != 0 ] ; then\n    # print error to STDERR\n    echo \"error: The sandbox is not in sync with the Podfile.lock. Run 'pod install' or update your CocoaPods installation.\" >&2\n    exit 1\nfi\n# This output is used by Xcode 'outputs' to avoid re-running this script phase.\necho \"SUCCESS\" > \"${SCRIPT_OUTPUT_FILE_0}\"\n";
			showEnvVarsInLog = 0;
		};
		751C6D763B27129A405986CE /* [CP] Embed Pods Frameworks */ = {
			isa = PBXShellScriptBuildPhase;
			buildActionMask = 2147483647;
			files = (
			);
			inputFileListPaths = (
				"${PODS_ROOT}/Target Support Files/Pods-RideCougars-RideCougarsUITests/Pods-RideCougars-RideCougarsUITests-frameworks-${CONFIGURATION}-input-files.xcfilelist",
			);
			name = "[CP] Embed Pods Frameworks";
			outputFileListPaths = (
				"${PODS_ROOT}/Target Support Files/Pods-RideCougars-RideCougarsUITests/Pods-RideCougars-RideCougarsUITests-frameworks-${CONFIGURATION}-output-files.xcfilelist",
			);
			runOnlyForDeploymentPostprocessing = 0;
			shellPath = /bin/sh;
			shellScript = "\"${PODS_ROOT}/Target Support Files/Pods-RideCougars-RideCougarsUITests/Pods-RideCougars-RideCougarsUITests-frameworks.sh\"\n";
			showEnvVarsInLog = 0;
		};
		EC7139C65B8A1E71B423C9E1 /* [CP] Check Pods Manifest.lock */ = {
			isa = PBXShellScriptBuildPhase;
			buildActionMask = 2147483647;
			files = (
			);
			inputFileListPaths = (
			);
			inputPaths = (
				"${PODS_PODFILE_DIR_PATH}/Podfile.lock",
				"${PODS_ROOT}/Manifest.lock",
			);
			name = "[CP] Check Pods Manifest.lock";
			outputFileListPaths = (
			);
			outputPaths = (
				"$(DERIVED_FILE_DIR)/Pods-RideCougars-RideCougarsUITests-checkManifestLockResult.txt",
			);
			runOnlyForDeploymentPostprocessing = 0;
			shellPath = /bin/sh;
			shellScript = "diff \"${PODS_PODFILE_DIR_PATH}/Podfile.lock\" \"${PODS_ROOT}/Manifest.lock\" > /dev/null\nif [ $? != 0 ] ; then\n    # print error to STDERR\n    echo \"error: The sandbox is not in sync with the Podfile.lock. Run 'pod install' or update your CocoaPods installation.\" >&2\n    exit 1\nfi\n# This output is used by Xcode 'outputs' to avoid re-running this script phase.\necho \"SUCCESS\" > \"${SCRIPT_OUTPUT_FILE_0}\"\n";
			showEnvVarsInLog = 0;
		};
/* End PBXShellScriptBuildPhase section */

/* Begin PBXSourcesBuildPhase section */
		44061CEC2353A72C00E3F608 /* Sources */ = {
			isa = PBXSourcesBuildPhase;
			buildActionMask = 2147483647;
			files = (
				44061CF82353A72C00E3F608 /* SecondViewController.swift in Sources */,
				44061CF42353A72C00E3F608 /* AppDelegate.swift in Sources */,
				66132E242357A97C0078BE0C /* firstSignupPageViewController.swift in Sources */,
				44061D262353AE2900E3F608 /* ThirdViewController.swift in Sources */,
				44061D2C2353BF7900E3F608 /* LoginPageViewController.swift in Sources */,
				44061D242353AC4D00E3F608 /* landingPage.swift in Sources */,
				44061CF62353A72C00E3F608 /* FirstViewController.swift in Sources */,
			);
			runOnlyForDeploymentPostprocessing = 0;
		};
		44061D022353A72E00E3F608 /* Sources */ = {
			isa = PBXSourcesBuildPhase;
			buildActionMask = 2147483647;
			files = (
				44061D0B2353A72E00E3F608 /* RideCougarsTests.swift in Sources */,
			);
			runOnlyForDeploymentPostprocessing = 0;
		};
		44061D0D2353A72E00E3F608 /* Sources */ = {
			isa = PBXSourcesBuildPhase;
			buildActionMask = 2147483647;
			files = (
				44061D162353A72E00E3F608 /* RideCougarsUITests.swift in Sources */,
			);
			runOnlyForDeploymentPostprocessing = 0;
		};
/* End PBXSourcesBuildPhase section */

/* Begin PBXTargetDependency section */
		44061D082353A72E00E3F608 /* PBXTargetDependency */ = {
			isa = PBXTargetDependency;
			target = 44061CEF2353A72C00E3F608 /* RideCougars */;
			targetProxy = 44061D072353A72E00E3F608 /* PBXContainerItemProxy */;
		};
		44061D132353A72E00E3F608 /* PBXTargetDependency */ = {
			isa = PBXTargetDependency;
			target = 44061CEF2353A72C00E3F608 /* RideCougars */;
			targetProxy = 44061D122353A72E00E3F608 /* PBXContainerItemProxy */;
		};
/* End PBXTargetDependency section */

/* Begin PBXVariantGroup section */
		44061CF92353A72C00E3F608 /* Main.storyboard */ = {
			isa = PBXVariantGroup;
			children = (
				44061CFA2353A72C00E3F608 /* Base */,
			);
			name = Main.storyboard;
			sourceTree = "<group>";
		};
		44061CFE2353A72E00E3F608 /* LaunchScreen.storyboard */ = {
			isa = PBXVariantGroup;
			children = (
				44061CFF2353A72E00E3F608 /* Base */,
			);
			name = LaunchScreen.storyboard;
			sourceTree = "<group>";
		};
/* End PBXVariantGroup section */

/* Begin XCBuildConfiguration section */
		44061D182353A72E00E3F608 /* Debug */ = {
			isa = XCBuildConfiguration;
			buildSettings = {
				ALWAYS_SEARCH_USER_PATHS = NO;
				CLANG_ANALYZER_NONNULL = YES;
				CLANG_ANALYZER_NUMBER_OBJECT_CONVERSION = YES_AGGRESSIVE;
				CLANG_CXX_LANGUAGE_STANDARD = "gnu++14";
				CLANG_CXX_LIBRARY = "libc++";
				CLANG_ENABLE_MODULES = YES;
				CLANG_ENABLE_OBJC_ARC = YES;
				CLANG_ENABLE_OBJC_WEAK = YES;
				CLANG_WARN_BLOCK_CAPTURE_AUTORELEASING = YES;
				CLANG_WARN_BOOL_CONVERSION = YES;
				CLANG_WARN_COMMA = YES;
				CLANG_WARN_CONSTANT_CONVERSION = YES;
				CLANG_WARN_DEPRECATED_OBJC_IMPLEMENTATIONS = YES;
				CLANG_WARN_DIRECT_OBJC_ISA_USAGE = YES_ERROR;
				CLANG_WARN_DOCUMENTATION_COMMENTS = YES;
				CLANG_WARN_EMPTY_BODY = YES;
				CLANG_WARN_ENUM_CONVERSION = YES;
				CLANG_WARN_INFINITE_RECURSION = YES;
				CLANG_WARN_INT_CONVERSION = YES;
				CLANG_WARN_NON_LITERAL_NULL_CONVERSION = YES;
				CLANG_WARN_OBJC_IMPLICIT_RETAIN_SELF = YES;
				CLANG_WARN_OBJC_LITERAL_CONVERSION = YES;
				CLANG_WARN_OBJC_ROOT_CLASS = YES_ERROR;
				CLANG_WARN_RANGE_LOOP_ANALYSIS = YES;
				CLANG_WARN_STRICT_PROTOTYPES = YES;
				CLANG_WARN_SUSPICIOUS_MOVE = YES;
				CLANG_WARN_UNGUARDED_AVAILABILITY = YES_AGGRESSIVE;
				CLANG_WARN_UNREACHABLE_CODE = YES;
				CLANG_WARN__DUPLICATE_METHOD_MATCH = YES;
				CODE_SIGN_IDENTITY = "iPhone Developer";
				COPY_PHASE_STRIP = NO;
				DEBUG_INFORMATION_FORMAT = dwarf;
				ENABLE_STRICT_OBJC_MSGSEND = YES;
				ENABLE_TESTABILITY = YES;
				GCC_C_LANGUAGE_STANDARD = gnu11;
				GCC_DYNAMIC_NO_PIC = NO;
				GCC_NO_COMMON_BLOCKS = YES;
				GCC_OPTIMIZATION_LEVEL = 0;
				GCC_PREPROCESSOR_DEFINITIONS = (
					"DEBUG=1",
					"$(inherited)",
				);
				GCC_WARN_64_TO_32_BIT_CONVERSION = YES;
				GCC_WARN_ABOUT_RETURN_TYPE = YES_ERROR;
				GCC_WARN_UNDECLARED_SELECTOR = YES;
				GCC_WARN_UNINITIALIZED_AUTOS = YES_AGGRESSIVE;
				GCC_WARN_UNUSED_FUNCTION = YES;
				GCC_WARN_UNUSED_VARIABLE = YES;
				IPHONEOS_DEPLOYMENT_TARGET = 12.4;
				MTL_ENABLE_DEBUG_INFO = INCLUDE_SOURCE;
				MTL_FAST_MATH = YES;
				ONLY_ACTIVE_ARCH = YES;
				SDKROOT = iphoneos;
				SWIFT_ACTIVE_COMPILATION_CONDITIONS = DEBUG;
				SWIFT_OPTIMIZATION_LEVEL = "-Onone";
			};
			name = Debug;
		};
		44061D192353A72E00E3F608 /* Release */ = {
			isa = XCBuildConfiguration;
			buildSettings = {
				ALWAYS_SEARCH_USER_PATHS = NO;
				CLANG_ANALYZER_NONNULL = YES;
				CLANG_ANALYZER_NUMBER_OBJECT_CONVERSION = YES_AGGRESSIVE;
				CLANG_CXX_LANGUAGE_STANDARD = "gnu++14";
				CLANG_CXX_LIBRARY = "libc++";
				CLANG_ENABLE_MODULES = YES;
				CLANG_ENABLE_OBJC_ARC = YES;
				CLANG_ENABLE_OBJC_WEAK = YES;
				CLANG_WARN_BLOCK_CAPTURE_AUTORELEASING = YES;
				CLANG_WARN_BOOL_CONVERSION = YES;
				CLANG_WARN_COMMA = YES;
				CLANG_WARN_CONSTANT_CONVERSION = YES;
				CLANG_WARN_DEPRECATED_OBJC_IMPLEMENTATIONS = YES;
				CLANG_WARN_DIRECT_OBJC_ISA_USAGE = YES_ERROR;
				CLANG_WARN_DOCUMENTATION_COMMENTS = YES;
				CLANG_WARN_EMPTY_BODY = YES;
				CLANG_WARN_ENUM_CONVERSION = YES;
				CLANG_WARN_INFINITE_RECURSION = YES;
				CLANG_WARN_INT_CONVERSION = YES;
				CLANG_WARN_NON_LITERAL_NULL_CONVERSION = YES;
				CLANG_WARN_OBJC_IMPLICIT_RETAIN_SELF = YES;
				CLANG_WARN_OBJC_LITERAL_CONVERSION = YES;
				CLANG_WARN_OBJC_ROOT_CLASS = YES_ERROR;
				CLANG_WARN_RANGE_LOOP_ANALYSIS = YES;
				CLANG_WARN_STRICT_PROTOTYPES = YES;
				CLANG_WARN_SUSPICIOUS_MOVE = YES;
				CLANG_WARN_UNGUARDED_AVAILABILITY = YES_AGGRESSIVE;
				CLANG_WARN_UNREACHABLE_CODE = YES;
				CLANG_WARN__DUPLICATE_METHOD_MATCH = YES;
				CODE_SIGN_IDENTITY = "iPhone Developer";
				COPY_PHASE_STRIP = NO;
				DEBUG_INFORMATION_FORMAT = "dwarf-with-dsym";
				ENABLE_NS_ASSERTIONS = NO;
				ENABLE_STRICT_OBJC_MSGSEND = YES;
				GCC_C_LANGUAGE_STANDARD = gnu11;
				GCC_NO_COMMON_BLOCKS = YES;
				GCC_WARN_64_TO_32_BIT_CONVERSION = YES;
				GCC_WARN_ABOUT_RETURN_TYPE = YES_ERROR;
				GCC_WARN_UNDECLARED_SELECTOR = YES;
				GCC_WARN_UNINITIALIZED_AUTOS = YES_AGGRESSIVE;
				GCC_WARN_UNUSED_FUNCTION = YES;
				GCC_WARN_UNUSED_VARIABLE = YES;
				IPHONEOS_DEPLOYMENT_TARGET = 12.4;
				MTL_ENABLE_DEBUG_INFO = NO;
				MTL_FAST_MATH = YES;
				SDKROOT = iphoneos;
				SWIFT_COMPILATION_MODE = wholemodule;
				SWIFT_OPTIMIZATION_LEVEL = "-O";
				VALIDATE_PRODUCT = YES;
			};
			name = Release;
		};
		44061D1B2353A72E00E3F608 /* Debug */ = {
			isa = XCBuildConfiguration;
			baseConfigurationReference = 1A80195B84F73F42F6FF9AB1 /* Pods-RideCougars.debug.xcconfig */;
			buildSettings = {
				ASSETCATALOG_COMPILER_APPICON_NAME = AppIcon;
				CODE_SIGN_STYLE = Automatic;
				INFOPLIST_FILE = RideCougars/Info.plist;
				LD_RUNPATH_SEARCH_PATHS = (
					"$(inherited)",
					"@executable_path/Frameworks",
				);
				PRODUCT_BUNDLE_IDENTIFIER = Training.RideCougars;
				PRODUCT_NAME = "$(TARGET_NAME)";
				SWIFT_VERSION = 5.0;
				TARGETED_DEVICE_FAMILY = "1,2";
			};
			name = Debug;
		};
		44061D1C2353A72E00E3F608 /* Release */ = {
			isa = XCBuildConfiguration;
			baseConfigurationReference = 3E2DDD69B46F242D76E38F96 /* Pods-RideCougars.release.xcconfig */;
			buildSettings = {
				ASSETCATALOG_COMPILER_APPICON_NAME = AppIcon;
				CODE_SIGN_STYLE = Automatic;
				INFOPLIST_FILE = RideCougars/Info.plist;
				LD_RUNPATH_SEARCH_PATHS = (
					"$(inherited)",
					"@executable_path/Frameworks",
				);
				PRODUCT_BUNDLE_IDENTIFIER = Training.RideCougars;
				PRODUCT_NAME = "$(TARGET_NAME)";
				SWIFT_VERSION = 5.0;
				TARGETED_DEVICE_FAMILY = "1,2";
			};
			name = Release;
		};
		44061D1E2353A72E00E3F608 /* Debug */ = {
			isa = XCBuildConfiguration;
			baseConfigurationReference = A98BEA1CA4E695AE012E88D9 /* Pods-RideCougarsTests.debug.xcconfig */;
			buildSettings = {
				ALWAYS_EMBED_SWIFT_STANDARD_LIBRARIES = YES;
				BUNDLE_LOADER = "$(TEST_HOST)";
				CODE_SIGN_STYLE = Automatic;
				INFOPLIST_FILE = RideCougarsTests/Info.plist;
				LD_RUNPATH_SEARCH_PATHS = (
					"$(inherited)",
					"@executable_path/Frameworks",
					"@loader_path/Frameworks",
				);
				PRODUCT_BUNDLE_IDENTIFIER = Training.RideCougarsTests;
				PRODUCT_NAME = "$(TARGET_NAME)";
				SWIFT_VERSION = 5.0;
				TARGETED_DEVICE_FAMILY = "1,2";
				TEST_HOST = "$(BUILT_PRODUCTS_DIR)/RideCougars.app/RideCougars";
			};
			name = Debug;
		};
		44061D1F2353A72E00E3F608 /* Release */ = {
			isa = XCBuildConfiguration;
			baseConfigurationReference = 18007FCF11299CA9B9D9597A /* Pods-RideCougarsTests.release.xcconfig */;
			buildSettings = {
				ALWAYS_EMBED_SWIFT_STANDARD_LIBRARIES = YES;
				BUNDLE_LOADER = "$(TEST_HOST)";
				CODE_SIGN_STYLE = Automatic;
				INFOPLIST_FILE = RideCougarsTests/Info.plist;
				LD_RUNPATH_SEARCH_PATHS = (
					"$(inherited)",
					"@executable_path/Frameworks",
					"@loader_path/Frameworks",
				);
				PRODUCT_BUNDLE_IDENTIFIER = Training.RideCougarsTests;
				PRODUCT_NAME = "$(TARGET_NAME)";
				SWIFT_VERSION = 5.0;
				TARGETED_DEVICE_FAMILY = "1,2";
				TEST_HOST = "$(BUILT_PRODUCTS_DIR)/RideCougars.app/RideCougars";
			};
			name = Release;
		};
		44061D212353A72E00E3F608 /* Debug */ = {
			isa = XCBuildConfiguration;
			baseConfigurationReference = CA1E5C30D85E8CE71435C34F /* Pods-RideCougars-RideCougarsUITests.debug.xcconfig */;
			buildSettings = {
				ALWAYS_EMBED_SWIFT_STANDARD_LIBRARIES = YES;
				CODE_SIGN_STYLE = Automatic;
				INFOPLIST_FILE = RideCougarsUITests/Info.plist;
				LD_RUNPATH_SEARCH_PATHS = (
					"$(inherited)",
					"@executable_path/Frameworks",
					"@loader_path/Frameworks",
				);
				PRODUCT_BUNDLE_IDENTIFIER = Training.RideCougarsUITests;
				PRODUCT_NAME = "$(TARGET_NAME)";
				SWIFT_VERSION = 5.0;
				TARGETED_DEVICE_FAMILY = "1,2";
				TEST_TARGET_NAME = RideCougars;
			};
			name = Debug;
		};
		44061D222353A72E00E3F608 /* Release */ = {
			isa = XCBuildConfiguration;
			baseConfigurationReference = CDD6F2DA830D63981A2A11F0 /* Pods-RideCougars-RideCougarsUITests.release.xcconfig */;
			buildSettings = {
				ALWAYS_EMBED_SWIFT_STANDARD_LIBRARIES = YES;
				CODE_SIGN_STYLE = Automatic;
				INFOPLIST_FILE = RideCougarsUITests/Info.plist;
				LD_RUNPATH_SEARCH_PATHS = (
					"$(inherited)",
					"@executable_path/Frameworks",
					"@loader_path/Frameworks",
				);
				PRODUCT_BUNDLE_IDENTIFIER = Training.RideCougarsUITests;
				PRODUCT_NAME = "$(TARGET_NAME)";
				SWIFT_VERSION = 5.0;
				TARGETED_DEVICE_FAMILY = "1,2";
				TEST_TARGET_NAME = RideCougars;
			};
			name = Release;
		};
/* End XCBuildConfiguration section */

/* Begin XCConfigurationList section */
		44061CEB2353A72C00E3F608 /* Build configuration list for PBXProject "RideCougars" */ = {
			isa = XCConfigurationList;
			buildConfigurations = (
				44061D182353A72E00E3F608 /* Debug */,
				44061D192353A72E00E3F608 /* Release */,
			);
			defaultConfigurationIsVisible = 0;
			defaultConfigurationName = Release;
		};
		44061D1A2353A72E00E3F608 /* Build configuration list for PBXNativeTarget "RideCougars" */ = {
			isa = XCConfigurationList;
			buildConfigurations = (
				44061D1B2353A72E00E3F608 /* Debug */,
				44061D1C2353A72E00E3F608 /* Release */,
			);
			defaultConfigurationIsVisible = 0;
			defaultConfigurationName = Release;
		};
		44061D1D2353A72E00E3F608 /* Build configuration list for PBXNativeTarget "RideCougarsTests" */ = {
			isa = XCConfigurationList;
			buildConfigurations = (
				44061D1E2353A72E00E3F608 /* Debug */,
				44061D1F2353A72E00E3F608 /* Release */,
			);
			defaultConfigurationIsVisible = 0;
			defaultConfigurationName = Release;
		};
		44061D202353A72E00E3F608 /* Build configuration list for PBXNativeTarget "RideCougarsUITests" */ = {
			isa = XCConfigurationList;
			buildConfigurations = (
				44061D212353A72E00E3F608 /* Debug */,
				44061D222353A72E00E3F608 /* Release */,
			);
			defaultConfigurationIsVisible = 0;
			defaultConfigurationName = Release;
		};
/* End XCConfigurationList section */
	};
	rootObject = 44061CE82353A72C00E3F608 /* Project object */;
}
